
Microsoft Visual Studio Solution File, Format Version 12.00
# Visual Studio Version 17
VisualStudioVersion = 17.6.33815.320
MinimumVisualStudioVersion = 10.0.40219.1
Project("{FAE04EC0-301F-11D3-BF4B-00C04F79EFBC}") = "Dogadjaji", "Dogadjaji.csproj", "{1CD8AE89-4D54-4408-9E84-73F314E0380B}"
EndProject
Global
	GlobalSection(SolutionConfigurationPlatforms) = preSolution
		Debug|Any CPU = Debug|Any CPU
		Release|Any CPU = Release|Any CPU
	EndGlobalSection
	GlobalSection(ProjectConfigurationPlatforms) = postSolution
		{1CD8AE89-4D54-4408-9E84-73F314E0380B}.Debug|Any CPU.ActiveCfg = Debug|Any CPU
		{1CD8AE89-4D54-4408-9E84-73F314E0380B}.Debug|Any CPU.Build.0 = Debug|Any CPU
		{1CD8AE89-4D54-4408-9E84-73F314E0380B}.Release|Any CPU.ActiveCfg = Release|Any CPU
		{1CD8AE89-4D54-4408-9E84-73F314E0380B}.Release|Any CPU.Build.0 = Release|Any CPU
	EndGlobalSection
	GlobalSection(SolutionProperties) = preSolution
		HideSolutionNode = FALSE
	EndGlobalSection
	GlobalSection(ExtensibilityGlobals) = postSolution
		SolutionGuid = {A026B95C-B305-412C-AF32-39E6DEE7273C}
	EndGlobalSection
EndGlobal
